
Microsoft Visual Studio Solution File, Format Version 12.00
# Visual Studio Version 17
VisualStudioVersion = 17.9.34728.123
MinimumVisualStudioVersion = 10.0.40219.1
Project("{FAE04EC0-301F-11D3-BF4B-00C04F79EFBC}") = "PasswordManage", "PasswordManage\PasswordManage.csproj", "{33F71E49-E153-46F8-8696-55D53D755482}"
EndProject
Global
	GlobalSection(SolutionConfigurationPlatforms) = preSolution
		Debug|Any CPU = Debug|Any CPU
		Release|Any CPU = Release|Any CPU
	EndGlobalSection
	GlobalSection(ProjectConfigurationPlatforms) = postSolution
		{33F71E49-E153-46F8-8696-55D53D755482}.Debug|Any CPU.ActiveCfg = Debug|Any CPU
		{33F71E49-E153-46F8-8696-55D53D755482}.Debug|Any CPU.Build.0 = Debug|Any CPU
		{33F71E49-E153-46F8-8696-55D53D755482}.Release|Any CPU.ActiveCfg = Release|Any CPU
		{33F71E49-E153-46F8-8696-55D53D755482}.Release|Any CPU.Build.0 = Release|Any CPU
	EndGlobalSection
	GlobalSection(SolutionProperties) = preSolution
		HideSolutionNode = FALSE
	EndGlobalSection
	GlobalSection(ExtensibilityGlobals) = postSolution
		SolutionGuid = {520BD0C0-E278-47CA-B53E-FFF790CA7959}
	EndGlobalSection
EndGlobal
